
Microsoft Visual Studio Solution File, Format Version 12.00
# Visual Studio 15
VisualStudioVersion = 15.0.28307.539
MinimumVisualStudioVersion = 10.0.40219.1
Project("{8BC9CEB8-8B4A-11D0-8D11-00A0C91BC942}") = "hdani1337_SzivaOOP", "hdani1337_SzivaOOP\hdani1337_SzivaOOP.vcxproj", "{589B69A6-3991-4EC2-8556-C7A1BA934419}"
EndProject
Global
	GlobalSection(SolutionConfigurationPlatforms) = preSolution
		Debug|x64 = Debug|x64
		Debug|x86 = Debug|x86
		Release|x64 = Release|x64
		Release|x86 = Release|x86
	EndGlobalSection
	GlobalSection(ProjectConfigurationPlatforms) = postSolution
		{589B69A6-3991-4EC2-8556-C7A1BA934419}.Debug|x64.ActiveCfg = Debug|x64
		{589B69A6-3991-4EC2-8556-C7A1BA934419}.Debug|x64.Build.0 = Debug|x64
		{589B69A6-3991-4EC2-8556-C7A1BA934419}.Debug|x86.ActiveCfg = Debug|Win32
		{589B69A6-3991-4EC2-8556-C7A1BA934419}.Debug|x86.Build.0 = Debug|Win32
		{589B69A6-3991-4EC2-8556-C7A1BA934419}.Release|x64.ActiveCfg = Release|x64
		{589B69A6-3991-4EC2-8556-C7A1BA934419}.Release|x64.Build.0 = Release|x64
		{589B69A6-3991-4EC2-8556-C7A1BA934419}.Release|x86.ActiveCfg = Release|Win32
		{589B69A6-3991-4EC2-8556-C7A1BA934419}.Release|x86.Build.0 = Release|Win32
	EndGlobalSection
	GlobalSection(SolutionProperties) = preSolution
		HideSolutionNode = FALSE
	EndGlobalSection
	GlobalSection(ExtensibilityGlobals) = postSolution
		SolutionGuid = {53D0DAE7-B93D-4912-83D7-C479A6B749F8}
	EndGlobalSection
EndGlobal
